
Microsoft Visual Studio Solution File, Format Version 12.00
# Visual Studio Version 17
VisualStudioVersion = 17.3.32901.215
MinimumVisualStudioVersion = 10.0.40219.1
Project("{FAE04EC0-301F-11D3-BF4B-00C04F79EFBC}") = "ExercicioDeSet", "ExercicioDeSet\ExercicioDeSet.csproj", "{C2BAEF07-6C2E-4FA7-A091-B4AA01184617}"
EndProject
Global
	GlobalSection(SolutionConfigurationPlatforms) = preSolution
		Debug|Any CPU = Debug|Any CPU
		Release|Any CPU = Release|Any CPU
	EndGlobalSection
	GlobalSection(ProjectConfigurationPlatforms) = postSolution
		{C2BAEF07-6C2E-4FA7-A091-B4AA01184617}.Debug|Any CPU.ActiveCfg = Debug|Any CPU
		{C2BAEF07-6C2E-4FA7-A091-B4AA01184617}.Debug|Any CPU.Build.0 = Debug|Any CPU
		{C2BAEF07-6C2E-4FA7-A091-B4AA01184617}.Release|Any CPU.ActiveCfg = Release|Any CPU
		{C2BAEF07-6C2E-4FA7-A091-B4AA01184617}.Release|Any CPU.Build.0 = Release|Any CPU
	EndGlobalSection
	GlobalSection(SolutionProperties) = preSolution
		HideSolutionNode = FALSE
	EndGlobalSection
	GlobalSection(ExtensibilityGlobals) = postSolution
		SolutionGuid = {C46A87B2-24F2-4367-AC6C-79A6F5BDBAA6}
	EndGlobalSection
EndGlobal
